<?xml version="1.0" encoding="UTF-8" standalone="yes" ?>
<CodeBlocks_project_file>
   <FileVersion major="1" minor="6" />
   <Project>
      <Option title="Atmega32Template" />
      <Option makefile_is_custom="1" />
      <Option compiler="gcc" />
      <Option virtualFolders="CMake Files\;CMake Files\..\;CMake Files\..\..\;CMake Files\..\..\..\;CMake Files\..\..\..\..\;CMake Files\..\..\..\..\..\;CMake Files\..\..\..\..\..\..\;CMake Files\..\..\..\..\..\..\usr\;CMake Files\..\..\..\..\..\..\usr\share\;CMake Files\..\..\..\..\..\..\usr\share\cmake\;CMake Files\..\..\..\..\..\..\usr\share\cmake\CMakeTools\;CMake Files\..\..\..\..\..\..\opt\;CMake Files\..\..\..\..\..\..\opt\avr\;CMake Files\..\..\..\..\..\..\opt\avr\share\;CMake Files\..\..\..\..\..\..\opt\avr\share\cmake\;CMake Files\..\..\..\..\..\..\opt\avr\share\cmake\Atmega32Core\;CMake Files\..\..\..\..\..\..\opt\avr\share\cmake\AvrCore\;" />
      <Build>
      <Target title="all">
         <Option working_dir="/home/wei/Desktop/T3/part2/build-Atmega32Template-Desktop-Default" />
         <Option type="4" />
         <MakeCommands>
            <Build command="/usr/bin/make -f &quot;/home/wei/Desktop/T3/part2/build-Atmega32Template-Desktop-Default/Makefile&quot;  VERBOSE=1 all" />
            <CompileFile command="/usr/bin/make -f &quot;/home/wei/Desktop/T3/part2/build-Atmega32Template-Desktop-Default/Makefile&quot;  VERBOSE=1 &quot;$file&quot;" />
            <Clean command="/usr/bin/make -f &quot;/home/wei/Desktop/T3/part2/build-Atmega32Template-Desktop-Default/Makefile&quot;  VERBOSE=1 clean" />
            <DistClean command="/usr/bin/make -f &quot;/home/wei/Desktop/T3/part2/build-Atmega32Template-Desktop-Default/Makefile&quot;  VERBOSE=1 clean" />
         </MakeCommands>
      </Target>
      <Target title="rebuild_cache">
         <Option working_dir="/home/wei/Desktop/T3/part2/build-Atmega32Template-Desktop-Default" />
         <Option type="4" />
         <MakeCommands>
            <Build command="/usr/bin/make -f &quot;/home/wei/Desktop/T3/part2/build-Atmega32Template-Desktop-Default/Makefile&quot;  VERBOSE=1 rebuild_cache" />
            <CompileFile command="/usr/bin/make -f &quot;/home/wei/Desktop/T3/part2/build-Atmega32Template-Desktop-Default/Makefile&quot;  VERBOSE=1 &quot;$file&quot;" />
            <Clean command="/usr/bin/make -f &quot;/home/wei/Desktop/T3/part2/build-Atmega32Template-Desktop-Default/Makefile&quot;  VERBOSE=1 clean" />
            <DistClean command="/usr/bin/make -f &quot;/home/wei/Desktop/T3/part2/build-Atmega32Template-Desktop-Default/Makefile&quot;  VERBOSE=1 clean" />
         </MakeCommands>
      </Target>
      <Target title="c_template_lss">
         <Option working_dir="/home/wei/Desktop/T3/part2/build-Atmega32Template-Desktop-Default" />
         <Option type="4" />
         <MakeCommands>
            <Build command="/usr/bin/make -f &quot;/home/wei/Desktop/T3/part2/build-Atmega32Template-Desktop-Default/Makefile&quot;  VERBOSE=1 c_template_lss" />
            <CompileFile command="/usr/bin/make -f &quot;/home/wei/Desktop/T3/part2/build-Atmega32Template-Desktop-Default/Makefile&quot;  VERBOSE=1 &quot;$file&quot;" />
            <Clean command="/usr/bin/make -f &quot;/home/wei/Desktop/T3/part2/build-Atmega32Template-Desktop-Default/Makefile&quot;  VERBOSE=1 clean" />
            <DistClean command="/usr/bin/make -f &quot;/home/wei/Desktop/T3/part2/build-Atmega32Template-Desktop-Default/Makefile&quot;  VERBOSE=1 clean" />
         </MakeCommands>
      </Target>
      <Target title="install">
         <Option working_dir="/home/wei/Desktop/T3/part2/build-Atmega32Template-Desktop-Default" />
         <Option type="4" />
         <MakeCommands>
            <Build command="/usr/bin/make -f &quot;/home/wei/Desktop/T3/part2/build-Atmega32Template-Desktop-Default/Makefile&quot;  VERBOSE=1 install" />
            <CompileFile command="/usr/bin/make -f &quot;/home/wei/Desktop/T3/part2/build-Atmega32Template-Desktop-Default/Makefile&quot;  VERBOSE=1 &quot;$file&quot;" />
            <Clean command="/usr/bin/make -f &quot;/home/wei/Desktop/T3/part2/build-Atmega32Template-Desktop-Default/Makefile&quot;  VERBOSE=1 clean" />
            <DistClean command="/usr/bin/make -f &quot;/home/wei/Desktop/T3/part2/build-Atmega32Template-Desktop-Default/Makefile&quot;  VERBOSE=1 clean" />
         </MakeCommands>
      </Target>
      <Target title="c_template_hex">
         <Option working_dir="/home/wei/Desktop/T3/part2/build-Atmega32Template-Desktop-Default" />
         <Option type="4" />
         <MakeCommands>
            <Build command="/usr/bin/make -f &quot;/home/wei/Desktop/T3/part2/build-Atmega32Template-Desktop-Default/Makefile&quot;  VERBOSE=1 c_template_hex" />
            <CompileFile command="/usr/bin/make -f &quot;/home/wei/Desktop/T3/part2/build-Atmega32Template-Desktop-Default/Makefile&quot;  VERBOSE=1 &quot;$file&quot;" />
            <Clean command="/usr/bin/make -f &quot;/home/wei/Desktop/T3/part2/build-Atmega32Template-Desktop-Default/Makefile&quot;  VERBOSE=1 clean" />
            <DistClean command="/usr/bin/make -f &quot;/home/wei/Desktop/T3/part2/build-Atmega32Template-Desktop-Default/Makefile&quot;  VERBOSE=1 clean" />
         </MakeCommands>
      </Target>
      <Target title="c_template">
         <Option output="/home/wei/Desktop/T3/part2/build-Atmega32Template-Desktop-Default/c_template" prefix_auto="0" extension_auto="0" />
         <Option working_dir="/home/wei/Desktop/T3/part2/build-Atmega32Template-Desktop-Default" />
         <Option object_output="./" />
         <Option type="1" />
         <Option compiler="gcc" />
         <Compiler>
            <Add directory="/home/wei/Desktop/T3/part2/Atmega32Template" />
            <Add directory="/home/wei/Desktop/T3/part2/Atmega32Template/include" />
            <Add directory="/home/wei/Desktop/T3/part2/build-Atmega32Template-Desktop-Default" />
            <Add directory="/opt/avr/include" />
            <Add directory="/usr/lib/avr/include" />
            <Add directory="/usr/lib/gcc/avr/4.9.2/../../../avr/include" />
            <Add directory="/usr/lib/gcc/avr/4.9.2/include" />
            <Add directory="/usr/lib/gcc/avr/4.9.2/include-fixed" />
         </Compiler>
         <MakeCommands>
            <Build command="/usr/bin/make -f &quot;/home/wei/Desktop/T3/part2/build-Atmega32Template-Desktop-Default/Makefile&quot;  VERBOSE=1 c_template" />
            <CompileFile command="/usr/bin/make -f &quot;/home/wei/Desktop/T3/part2/build-Atmega32Template-Desktop-Default/Makefile&quot;  VERBOSE=1 &quot;$file&quot;" />
            <Clean command="/usr/bin/make -f &quot;/home/wei/Desktop/T3/part2/build-Atmega32Template-Desktop-Default/Makefile&quot;  VERBOSE=1 clean" />
            <DistClean command="/usr/bin/make -f &quot;/home/wei/Desktop/T3/part2/build-Atmega32Template-Desktop-Default/Makefile&quot;  VERBOSE=1 clean" />
         </MakeCommands>
      </Target>
      <Target title="c_template/fast">
         <Option output="/home/wei/Desktop/T3/part2/build-Atmega32Template-Desktop-Default/c_template" prefix_auto="0" extension_auto="0" />
         <Option working_dir="/home/wei/Desktop/T3/part2/build-Atmega32Template-Desktop-Default" />
         <Option object_output="./" />
         <Option type="1" />
         <Option compiler="gcc" />
         <Compiler>
            <Add directory="/home/wei/Desktop/T3/part2/Atmega32Template" />
            <Add directory="/home/wei/Desktop/T3/part2/Atmega32Template/include" />
            <Add directory="/home/wei/Desktop/T3/part2/build-Atmega32Template-Desktop-Default" />
            <Add directory="/opt/avr/include" />
            <Add directory="/usr/lib/avr/include" />
            <Add directory="/usr/lib/gcc/avr/4.9.2/../../../avr/include" />
            <Add directory="/usr/lib/gcc/avr/4.9.2/include" />
            <Add directory="/usr/lib/gcc/avr/4.9.2/include-fixed" />
         </Compiler>
         <MakeCommands>
            <Build command="/usr/bin/make -f &quot;/home/wei/Desktop/T3/part2/build-Atmega32Template-Desktop-Default/Makefile&quot;  VERBOSE=1 c_template/fast" />
            <CompileFile command="/usr/bin/make -f &quot;/home/wei/Desktop/T3/part2/build-Atmega32Template-Desktop-Default/Makefile&quot;  VERBOSE=1 &quot;$file&quot;" />
            <Clean command="/usr/bin/make -f &quot;/home/wei/Desktop/T3/part2/build-Atmega32Template-Desktop-Default/Makefile&quot;  VERBOSE=1 clean" />
            <DistClean command="/usr/bin/make -f &quot;/home/wei/Desktop/T3/part2/build-Atmega32Template-Desktop-Default/Makefile&quot;  VERBOSE=1 clean" />
         </MakeCommands>
      </Target>
      <Target title="install_local">
         <Option working_dir="/home/wei/Desktop/T3/part2/build-Atmega32Template-Desktop-Default" />
         <Option type="4" />
         <MakeCommands>
            <Build command="/usr/bin/make -f &quot;/home/wei/Desktop/T3/part2/build-Atmega32Template-Desktop-Default/Makefile&quot;  VERBOSE=1 install_local" />
            <CompileFile command="/usr/bin/make -f &quot;/home/wei/Desktop/T3/part2/build-Atmega32Template-Desktop-Default/Makefile&quot;  VERBOSE=1 &quot;$file&quot;" />
            <Clean command="/usr/bin/make -f &quot;/home/wei/Desktop/T3/part2/build-Atmega32Template-Desktop-Default/Makefile&quot;  VERBOSE=1 clean" />
            <DistClean command="/usr/bin/make -f &quot;/home/wei/Desktop/T3/part2/build-Atmega32Template-Desktop-Default/Makefile&quot;  VERBOSE=1 clean" />
         </MakeCommands>
      </Target>
      <Target title="uninstall">
         <Option working_dir="/home/wei/Desktop/T3/part2/build-Atmega32Template-Desktop-Default" />
         <Option type="4" />
         <MakeCommands>
            <Build command="/usr/bin/make -f &quot;/home/wei/Desktop/T3/part2/build-Atmega32Template-Desktop-Default/Makefile&quot;  VERBOSE=1 uninstall" />
            <CompileFile command="/usr/bin/make -f &quot;/home/wei/Desktop/T3/part2/build-Atmega32Template-Desktop-Default/Makefile&quot;  VERBOSE=1 &quot;$file&quot;" />
            <Clean command="/usr/bin/make -f &quot;/home/wei/Desktop/T3/part2/build-Atmega32Template-Desktop-Default/Makefile&quot;  VERBOSE=1 clean" />
            <DistClean command="/usr/bin/make -f &quot;/home/wei/Desktop/T3/part2/build-Atmega32Template-Desktop-Default/Makefile&quot;  VERBOSE=1 clean" />
         </MakeCommands>
      </Target>
      <Target title="project_Atmega32Template">
         <Option working_dir="/home/wei/Desktop/T3/part2/build-Atmega32Template-Desktop-Default" />
         <Option type="4" />
         <MakeCommands>
            <Build command="/usr/bin/make -f &quot;/home/wei/Desktop/T3/part2/build-Atmega32Template-Desktop-Default/Makefile&quot;  VERBOSE=1 project_Atmega32Template" />
            <CompileFile command="/usr/bin/make -f &quot;/home/wei/Desktop/T3/part2/build-Atmega32Template-Desktop-Default/Makefile&quot;  VERBOSE=1 &quot;$file&quot;" />
            <Clean command="/usr/bin/make -f &quot;/home/wei/Desktop/T3/part2/build-Atmega32Template-Desktop-Default/Makefile&quot;  VERBOSE=1 clean" />
            <DistClean command="/usr/bin/make -f &quot;/home/wei/Desktop/T3/part2/build-Atmega32Template-Desktop-Default/Makefile&quot;  VERBOSE=1 clean" />
         </MakeCommands>
      </Target>
      <Target title="list_install_components">
         <Option working_dir="/home/wei/Desktop/T3/part2/build-Atmega32Template-Desktop-Default" />
         <Option type="4" />
         <MakeCommands>
            <Build command="/usr/bin/make -f &quot;/home/wei/Desktop/T3/part2/build-Atmega32Template-Desktop-Default/Makefile&quot;  VERBOSE=1 list_install_components" />
            <CompileFile command="/usr/bin/make -f &quot;/home/wei/Desktop/T3/part2/build-Atmega32Template-Desktop-Default/Makefile&quot;  VERBOSE=1 &quot;$file&quot;" />
            <Clean command="/usr/bin/make -f &quot;/home/wei/Desktop/T3/part2/build-Atmega32Template-Desktop-Default/Makefile&quot;  VERBOSE=1 clean" />
            <DistClean command="/usr/bin/make -f &quot;/home/wei/Desktop/T3/part2/build-Atmega32Template-Desktop-Default/Makefile&quot;  VERBOSE=1 clean" />
         </MakeCommands>
      </Target>
      <Target title="install/strip">
         <Option working_dir="/home/wei/Desktop/T3/part2/build-Atmega32Template-Desktop-Default" />
         <Option type="4" />
         <MakeCommands>
            <Build command="/usr/bin/make -f &quot;/home/wei/Desktop/T3/part2/build-Atmega32Template-Desktop-Default/Makefile&quot;  VERBOSE=1 install/strip" />
            <CompileFile command="/usr/bin/make -f &quot;/home/wei/Desktop/T3/part2/build-Atmega32Template-Desktop-Default/Makefile&quot;  VERBOSE=1 &quot;$file&quot;" />
            <Clean command="/usr/bin/make -f &quot;/home/wei/Desktop/T3/part2/build-Atmega32Template-Desktop-Default/Makefile&quot;  VERBOSE=1 clean" />
            <DistClean command="/usr/bin/make -f &quot;/home/wei/Desktop/T3/part2/build-Atmega32Template-Desktop-Default/Makefile&quot;  VERBOSE=1 clean" />
         </MakeCommands>
      </Target>
      <Target title="prog_flash_c_template">
         <Option working_dir="/home/wei/Desktop/T3/part2/build-Atmega32Template-Desktop-Default" />
         <Option type="4" />
         <MakeCommands>
            <Build command="/usr/bin/make -f &quot;/home/wei/Desktop/T3/part2/build-Atmega32Template-Desktop-Default/Makefile&quot;  VERBOSE=1 prog_flash_c_template" />
            <CompileFile command="/usr/bin/make -f &quot;/home/wei/Desktop/T3/part2/build-Atmega32Template-Desktop-Default/Makefile&quot;  VERBOSE=1 &quot;$file&quot;" />
            <Clean command="/usr/bin/make -f &quot;/home/wei/Desktop/T3/part2/build-Atmega32Template-Desktop-Default/Makefile&quot;  VERBOSE=1 clean" />
            <DistClean command="/usr/bin/make -f &quot;/home/wei/Desktop/T3/part2/build-Atmega32Template-Desktop-Default/Makefile&quot;  VERBOSE=1 clean" />
         </MakeCommands>
      </Target>
      <Target title="install/local">
         <Option working_dir="/home/wei/Desktop/T3/part2/build-Atmega32Template-Desktop-Default" />
         <Option type="4" />
         <MakeCommands>
            <Build command="/usr/bin/make -f &quot;/home/wei/Desktop/T3/part2/build-Atmega32Template-Desktop-Default/Makefile&quot;  VERBOSE=1 install/local" />
            <CompileFile command="/usr/bin/make -f &quot;/home/wei/Desktop/T3/part2/build-Atmega32Template-Desktop-Default/Makefile&quot;  VERBOSE=1 &quot;$file&quot;" />
            <Clean command="/usr/bin/make -f &quot;/home/wei/Desktop/T3/part2/build-Atmega32Template-Desktop-Default/Makefile&quot;  VERBOSE=1 clean" />
            <DistClean command="/usr/bin/make -f &quot;/home/wei/Desktop/T3/part2/build-Atmega32Template-Desktop-Default/Makefile&quot;  VERBOSE=1 clean" />
         </MakeCommands>
      </Target>
      <Target title="edit_cache">
         <Option working_dir="/home/wei/Desktop/T3/part2/build-Atmega32Template-Desktop-Default" />
         <Option type="4" />
         <MakeCommands>
            <Build command="/usr/bin/make -f &quot;/home/wei/Desktop/T3/part2/build-Atmega32Template-Desktop-Default/Makefile&quot;  VERBOSE=1 edit_cache" />
            <CompileFile command="/usr/bin/make -f &quot;/home/wei/Desktop/T3/part2/build-Atmega32Template-Desktop-Default/Makefile&quot;  VERBOSE=1 &quot;$file&quot;" />
            <Clean command="/usr/bin/make -f &quot;/home/wei/Desktop/T3/part2/build-Atmega32Template-Desktop-Default/Makefile&quot;  VERBOSE=1 clean" />
            <DistClean command="/usr/bin/make -f &quot;/home/wei/Desktop/T3/part2/build-Atmega32Template-Desktop-Default/Makefile&quot;  VERBOSE=1 clean" />
         </MakeCommands>
      </Target>
      </Build>
      <Unit filename="/home/wei/Desktop/T3/part2/Atmega32Template/src/Applications/main_c_template.c">
         <Option target="c_template"/>
      </Unit>
      <Unit filename="/home/wei/Desktop/T3/part2/Atmega32Template/src/Applications/sim_c_template.c">
         <Option target="c_template"/>
      </Unit>
      <Unit filename="/home/wei/Desktop/T3/part2/Atmega32Template/CMakeLists.txt">
          <Option virtualFolder="CMake Files\" />
      </Unit>
      <Unit filename="/home/wei/Desktop/T3/part2/Atmega32Template/../../../../../../usr/share/cmake/CMakeTools/ics_tools.cmake">
          <Option virtualFolder="CMake Files\..\..\..\..\..\..\usr\share\cmake\CMakeTools\" />
      </Unit>
      <Unit filename="/home/wei/Desktop/T3/part2/Atmega32Template/../../../../../../usr/share/cmake/CMakeTools/print_target_properties.cmake">
          <Option virtualFolder="CMake Files\..\..\..\..\..\..\usr\share\cmake\CMakeTools\" />
      </Unit>
      <Unit filename="/home/wei/Desktop/T3/part2/Atmega32Template/../../../../../../usr/share/cmake/CMakeTools/ics_colors.cmake">
          <Option virtualFolder="CMake Files\..\..\..\..\..\..\usr\share\cmake\CMakeTools\" />
      </Unit>
      <Unit filename="/home/wei/Desktop/T3/part2/Atmega32Template/../../../../../../usr/share/cmake/CMakeTools/ics_ros_debgen.cmake">
          <Option virtualFolder="CMake Files\..\..\..\..\..\..\usr\share\cmake\CMakeTools\" />
      </Unit>
      <Unit filename="/home/wei/Desktop/T3/part2/Atmega32Template/../../../../../../usr/share/cmake/CMakeTools/ics_add_install_local.cmake">
          <Option virtualFolder="CMake Files\..\..\..\..\..\..\usr\share\cmake\CMakeTools\" />
      </Unit>
      <Unit filename="/home/wei/Desktop/T3/part2/Atmega32Template/../../../../../../usr/share/cmake/CMakeTools/ics_add_project_target.cmake">
          <Option virtualFolder="CMake Files\..\..\..\..\..\..\usr\share\cmake\CMakeTools\" />
      </Unit>
      <Unit filename="/home/wei/Desktop/T3/part2/Atmega32Template/../../../../../../usr/share/cmake/CMakeTools/ics_add_subproject.cmake">
          <Option virtualFolder="CMake Files\..\..\..\..\..\..\usr\share\cmake\CMakeTools\" />
      </Unit>
      <Unit filename="/home/wei/Desktop/T3/part2/Atmega32Template/../../../../../../usr/share/cmake/CMakeTools/ics_add_uninstall.cmake">
          <Option virtualFolder="CMake Files\..\..\..\..\..\..\usr\share\cmake\CMakeTools\" />
      </Unit>
      <Unit filename="/home/wei/Desktop/T3/part2/Atmega32Template/../../../../../../usr/share/cmake/CMakeTools/ics_parse_arguments.cmake">
          <Option virtualFolder="CMake Files\..\..\..\..\..\..\usr\share\cmake\CMakeTools\" />
      </Unit>
      <Unit filename="/home/wei/Desktop/T3/part2/Atmega32Template/../../../../../../usr/share/cmake/CMakeTools/ics_create_find_module.cmake">
          <Option virtualFolder="CMake Files\..\..\..\..\..\..\usr\share\cmake\CMakeTools\" />
      </Unit>
      <Unit filename="/home/wei/Desktop/T3/part2/Atmega32Template/../../../../../../usr/share/cmake/CMakeTools/ics_create_local_shell_script.cmake">
          <Option virtualFolder="CMake Files\..\..\..\..\..\..\usr\share\cmake\CMakeTools\" />
      </Unit>
      <Unit filename="/home/wei/Desktop/T3/part2/Atmega32Template/../../../../../../usr/share/cmake/CMakeTools/ics_use_strict_warnings.cmake">
          <Option virtualFolder="CMake Files\..\..\..\..\..\..\usr\share\cmake\CMakeTools\" />
      </Unit>
      <Unit filename="/home/wei/Desktop/T3/part2/Atmega32Template/../../../../../../usr/share/cmake/CMakeTools/cmake_uninstall.cmake.in">
          <Option virtualFolder="CMake Files\..\..\..\..\..\..\usr\share\cmake\CMakeTools\" />
      </Unit>
      <Unit filename="/home/wei/Desktop/T3/part2/Atmega32Template/../../../../../../opt/avr/share/cmake/avr_gnu_tools.cmake">
          <Option virtualFolder="CMake Files\..\..\..\..\..\..\opt\avr\share\cmake\" />
      </Unit>
      <Unit filename="/home/wei/Desktop/T3/part2/Atmega32Template/../../../../../../opt/avr/share/cmake/avr_target_get_name.cmake">
          <Option virtualFolder="CMake Files\..\..\..\..\..\..\opt\avr\share\cmake\" />
      </Unit>
      <Unit filename="/home/wei/Desktop/T3/part2/Atmega32Template/../../../../../../opt/avr/share/cmake/avr_target_add_link_flags.cmake">
          <Option virtualFolder="CMake Files\..\..\..\..\..\..\opt\avr\share\cmake\" />
      </Unit>
      <Unit filename="/home/wei/Desktop/T3/part2/Atmega32Template/../../../../../../opt/avr/share/cmake/avr_target_link_libraries.cmake">
          <Option virtualFolder="CMake Files\..\..\..\..\..\..\opt\avr\share\cmake\" />
      </Unit>
      <Unit filename="/home/wei/Desktop/T3/part2/Atmega32Template/../../../../../../opt/avr/share/cmake/avr_target_create_map.cmake">
          <Option virtualFolder="CMake Files\..\..\..\..\..\..\opt\avr\share\cmake\" />
      </Unit>
      <Unit filename="/home/wei/Desktop/T3/part2/Atmega32Template/../../../../../../opt/avr/share/cmake/avr_target_disasm.cmake">
          <Option virtualFolder="CMake Files\..\..\..\..\..\..\opt\avr\share\cmake\" />
      </Unit>
      <Unit filename="/home/wei/Desktop/T3/part2/Atmega32Template/../../../../../../opt/avr/share/cmake/avr_target_disasm_sec.cmake">
          <Option virtualFolder="CMake Files\..\..\..\..\..\..\opt\avr\share\cmake\" />
      </Unit>
      <Unit filename="/home/wei/Desktop/T3/part2/Atmega32Template/../../../../../../opt/avr/share/cmake/avr_target_create_hex.cmake">
          <Option virtualFolder="CMake Files\..\..\..\..\..\..\opt\avr\share\cmake\" />
      </Unit>
      <Unit filename="/home/wei/Desktop/T3/part2/Atmega32Template/../../../../../../opt/avr/share/cmake/avr_target_create_eep.cmake">
          <Option virtualFolder="CMake Files\..\..\..\..\..\..\opt\avr\share\cmake\" />
      </Unit>
      <Unit filename="/home/wei/Desktop/T3/part2/Atmega32Template/../../../../../../opt/avr/share/cmake/avr_add_target_program_flash.cmake">
          <Option virtualFolder="CMake Files\..\..\..\..\..\..\opt\avr\share\cmake\" />
      </Unit>
      <Unit filename="/home/wei/Desktop/T3/part2/Atmega32Template/../../../../../../opt/avr/share/cmake/avr_add_executable.cmake">
          <Option virtualFolder="CMake Files\..\..\..\..\..\..\opt\avr\share\cmake\" />
      </Unit>
      <Unit filename="/home/wei/Desktop/T3/part2/Atmega32Template/../../../../../../opt/avr/share/cmake/avr_add_library.cmake">
          <Option virtualFolder="CMake Files\..\..\..\..\..\..\opt\avr\share\cmake\" />
      </Unit>
      <Unit filename="/home/wei/Desktop/T3/part2/Atmega32Template/../../../../../../opt/avr/share/cmake/avr_create_default_flags.cmake">
          <Option virtualFolder="CMake Files\..\..\..\..\..\..\opt\avr\share\cmake\" />
      </Unit>
      <Unit filename="/home/wei/Desktop/T3/part2/Atmega32Template/../../../../../../opt/avr/share/cmake/avr_create_device_flag.cmake">
          <Option virtualFolder="CMake Files\..\..\..\..\..\..\opt\avr\share\cmake\" />
      </Unit>
      <Unit filename="/home/wei/Desktop/T3/part2/Atmega32Template/../../../../../../opt/avr/share/cmake/avr_create_freq_flag.cmake">
          <Option virtualFolder="CMake Files\..\..\..\..\..\..\opt\avr\share\cmake\" />
      </Unit>
      <Unit filename="/home/wei/Desktop/T3/part2/Atmega32Template/../../../../../../opt/avr/share/cmake/avr_add_default_flags.cmake">
          <Option virtualFolder="CMake Files\..\..\..\..\..\..\opt\avr\share\cmake\" />
      </Unit>
      <Unit filename="/home/wei/Desktop/T3/part2/Atmega32Template/../../../../../../opt/avr/share/cmake/avr_add_device_flag.cmake">
          <Option virtualFolder="CMake Files\..\..\..\..\..\..\opt\avr\share\cmake\" />
      </Unit>
      <Unit filename="/home/wei/Desktop/T3/part2/Atmega32Template/../../../../../../opt/avr/share/cmake/avr_add_freq_flag.cmake">
          <Option virtualFolder="CMake Files\..\..\..\..\..\..\opt\avr\share\cmake\" />
      </Unit>
      <Unit filename="/home/wei/Desktop/T3/part2/Atmega32Template/../../../../../../opt/avr/share/cmake/avr_init.cmake">
          <Option virtualFolder="CMake Files\..\..\..\..\..\..\opt\avr\share\cmake\" />
      </Unit>
      <Unit filename="/home/wei/Desktop/T3/part2/Atmega32Template/../../../../../../opt/avr/share/cmake/avr_gnu.cmake">
          <Option virtualFolder="CMake Files\..\..\..\..\..\..\opt\avr\share\cmake\" />
      </Unit>
      <Unit filename="/home/wei/Desktop/T3/part2/Atmega32Template/../../../../../../opt/avr/share/cmake/Atmega32Core/Atmega32CoreConfig.cmake">
          <Option virtualFolder="CMake Files\..\..\..\..\..\..\opt\avr\share\cmake\Atmega32Core\" />
      </Unit>
      <Unit filename="/home/wei/Desktop/T3/part2/Atmega32Template/../../../../../../opt/avr/share/cmake/AvrCore/AvrCoreConfig.cmake">
          <Option virtualFolder="CMake Files\..\..\..\..\..\..\opt\avr\share\cmake\AvrCore\" />
      </Unit>
   </Project>
</CodeBlocks_project_file>
